<Solution>
  <Project Path="AdapterPattern/AdapterPattern.csproj" Id="e9d4a9eb-d925-4403-b63f-e11141bb136b" />
  <Project Path="BuilderPattern/BuilderPattern.csproj" Id="155c806a-4e8b-4f97-90fd-d54387392b8a" />
  <Project Path="factoryMethodPattern/FactoryMethodPattern.csproj" Id="60c3ef35-d4da-4d8f-b905-2c7d30aa9431" />
  <Project Path="SingletonPattern/SingletonPattern.csproj" />
</Solution>
